
Microsoft Visual Studio Solution File, Format Version 12.00
# Visual Studio Version 16
VisualStudioVersion = 16.0.33927.289
MinimumVisualStudioVersion = 10.0.40219.1
Project("{FAE04EC0-301F-11D3-BF4B-00C04F79EFBC}") = "inventoryControl", "inventoryControl.csproj", "{5029A0E3-A87B-4BA8-9678-725F90B5F0B5}"
EndProject
Project("{2150E333-8FDC-42A3-9474-1A3956D46DE8}") = "Solution Items", "Solution Items", "{494077EF-6AC2-4033-A079-033F9B7B9BD0}"
EndProject
Global
	GlobalSection(SolutionConfigurationPlatforms) = preSolution
		Debug|Any CPU = Debug|Any CPU
		Release|Any CPU = Release|Any CPU
	EndGlobalSection
	GlobalSection(ProjectConfigurationPlatforms) = postSolution
		{5029A0E3-A87B-4BA8-9678-725F90B5F0B5}.Debug|Any CPU.ActiveCfg = Debug|Any CPU
		{5029A0E3-A87B-4BA8-9678-725F90B5F0B5}.Debug|Any CPU.Build.0 = Debug|Any CPU
		{5029A0E3-A87B-4BA8-9678-725F90B5F0B5}.Release|Any CPU.ActiveCfg = Release|Any CPU
		{5029A0E3-A87B-4BA8-9678-725F90B5F0B5}.Release|Any CPU.Build.0 = Release|Any CPU
	EndGlobalSection
	GlobalSection(SolutionProperties) = preSolution
		HideSolutionNode = FALSE
	EndGlobalSection
	GlobalSection(ExtensibilityGlobals) = postSolution
		SolutionGuid = {679F668C-65CC-4A08-81AA-7F5928FD3955}
	EndGlobalSection
EndGlobal
